{
  "requires": true,
  "lockfileVersion": 1,
  "dependencies": {
    "@mdi/font": {
      "version": "4.4.95",
      "resolved": "https://registry.npmjs.org/@mdi/font/-/font-4.4.95.tgz",
      "integrity": "sha512-9BSvtpDF83dQ06VmwCeXTebzZZisIf4u6d62uC53oD6bzBUEMqiQrbW+oxyFrBYn3VxttRt/MKuL/wKUV9HWmA=="
    }
  }
}
